{
  "version": "4",
  "specifiers": {
    "jsr:@std/datetime@0.224.3": "0.224.3",
    "jsr:@timepp/enhanced-deno-log@0.4.1": "0.4.1"
  },
  "jsr": {
    "@std/datetime@0.224.3": {
      "integrity": "43197d0b2e00444fb169275b79a3e8fa506fd65c92398a207d71fd3e69b26c5b"
    },
    "@timepp/enhanced-deno-log@0.4.1": {
      "integrity": "781098fbc673e97000f469bab012154d4bb8325040dcb710214d86fac80f1bbc",
      "dependencies": [
        "jsr:@std/datetime"
      ]
    }
  },
  "remote": {
    "https://esm.sh/v123/fast-json-patch@3.1.1/denonext/index.js": "611ba66c07322160f184cd4fb8bb716f46c3e9265ca20d5bcf69499524d9f77a",
    "https://esm.sh/v123/fast-json-patch@3.1.1/index.js": "1146b1996cdd600ab306d8c9ea8bc73d1e4e16632db8e7cb1e5cb5fcef5d0ff7"
  },
  "workspace": {
    "packageJson": {
      "dependencies": [
        "npm:concurrently@^9.1.2"
      ]
    }
  }
}
